
Microsoft Visual Studio Solution File, Format Version 12.00
# Visual Studio 15
VisualStudioVersion = 15.0.28010.2016
MinimumVisualStudioVersion = 10.0.40219.1
Project("{8BC9CEB8-8B4A-11D0-8D11-00A0C91BC942}") = "Wskaźniki", "Wskaźniki\Wskaźniki.vcxproj", "{D68E143E-6884-4E70-AAE2-D277E5223BD1}"
EndProject
Global
	GlobalSection(SolutionConfigurationPlatforms) = preSolution
		Debug|x64 = Debug|x64
		Debug|x86 = Debug|x86
		Release|x64 = Release|x64
		Release|x86 = Release|x86
	EndGlobalSection
	GlobalSection(ProjectConfigurationPlatforms) = postSolution
		{D68E143E-6884-4E70-AAE2-D277E5223BD1}.Debug|x64.ActiveCfg = Debug|x64
		{D68E143E-6884-4E70-AAE2-D277E5223BD1}.Debug|x64.Build.0 = Debug|x64
		{D68E143E-6884-4E70-AAE2-D277E5223BD1}.Debug|x86.ActiveCfg = Debug|Win32
		{D68E143E-6884-4E70-AAE2-D277E5223BD1}.Debug|x86.Build.0 = Debug|Win32
		{D68E143E-6884-4E70-AAE2-D277E5223BD1}.Release|x64.ActiveCfg = Release|x64
		{D68E143E-6884-4E70-AAE2-D277E5223BD1}.Release|x64.Build.0 = Release|x64
		{D68E143E-6884-4E70-AAE2-D277E5223BD1}.Release|x86.ActiveCfg = Release|Win32
		{D68E143E-6884-4E70-AAE2-D277E5223BD1}.Release|x86.Build.0 = Release|Win32
	EndGlobalSection
	GlobalSection(SolutionProperties) = preSolution
		HideSolutionNode = FALSE
	EndGlobalSection
	GlobalSection(ExtensibilityGlobals) = postSolution
		SolutionGuid = {7A6F603E-1A7B-4BF8-89F8-32C057AFCF8C}
	EndGlobalSection
EndGlobal
