
Microsoft Visual Studio Solution File, Format Version 12.00
# Visual Studio 15
VisualStudioVersion = 15.0.28010.2016
MinimumVisualStudioVersion = 10.0.40219.1
Project("{8BC9CEB8-8B4A-11D0-8D11-00A0C91BC942}") = "Pętle", "Pętle\Pętle.vcxproj", "{A9502794-4189-462C-AFEB-86E19B37537E}"
EndProject
Global
	GlobalSection(SolutionConfigurationPlatforms) = preSolution
		Debug|x64 = Debug|x64
		Debug|x86 = Debug|x86
		Release|x64 = Release|x64
		Release|x86 = Release|x86
	EndGlobalSection
	GlobalSection(ProjectConfigurationPlatforms) = postSolution
		{A9502794-4189-462C-AFEB-86E19B37537E}.Debug|x64.ActiveCfg = Debug|x64
		{A9502794-4189-462C-AFEB-86E19B37537E}.Debug|x64.Build.0 = Debug|x64
		{A9502794-4189-462C-AFEB-86E19B37537E}.Debug|x86.ActiveCfg = Debug|Win32
		{A9502794-4189-462C-AFEB-86E19B37537E}.Debug|x86.Build.0 = Debug|Win32
		{A9502794-4189-462C-AFEB-86E19B37537E}.Release|x64.ActiveCfg = Release|x64
		{A9502794-4189-462C-AFEB-86E19B37537E}.Release|x64.Build.0 = Release|x64
		{A9502794-4189-462C-AFEB-86E19B37537E}.Release|x86.ActiveCfg = Release|Win32
		{A9502794-4189-462C-AFEB-86E19B37537E}.Release|x86.Build.0 = Release|Win32
	EndGlobalSection
	GlobalSection(SolutionProperties) = preSolution
		HideSolutionNode = FALSE
	EndGlobalSection
	GlobalSection(ExtensibilityGlobals) = postSolution
		SolutionGuid = {265A69C0-8D9B-4E40-A412-572E9A9A20AA}
	EndGlobalSection
EndGlobal
